
Microsoft Visual Studio Solution File, Format Version 12.00
# Visual Studio Version 16
VisualStudioVersion = 16.0.31005.135
MinimumVisualStudioVersion = 10.0.40219.1
Project("{FAE04EC0-301F-11D3-BF4B-00C04F79EFBC}") = "dias", "dias\dias.csproj", "{3BB7E801-4673-480E-A80B-16E9AE477CDD}"
EndProject
Global
	GlobalSection(SolutionConfigurationPlatforms) = preSolution
		Debug|Any CPU = Debug|Any CPU
		Release|Any CPU = Release|Any CPU
	EndGlobalSection
	GlobalSection(ProjectConfigurationPlatforms) = postSolution
		{3BB7E801-4673-480E-A80B-16E9AE477CDD}.Debug|Any CPU.ActiveCfg = Debug|Any CPU
		{3BB7E801-4673-480E-A80B-16E9AE477CDD}.Debug|Any CPU.Build.0 = Debug|Any CPU
		{3BB7E801-4673-480E-A80B-16E9AE477CDD}.Release|Any CPU.ActiveCfg = Release|Any CPU
		{3BB7E801-4673-480E-A80B-16E9AE477CDD}.Release|Any CPU.Build.0 = Release|Any CPU
	EndGlobalSection
	GlobalSection(SolutionProperties) = preSolution
		HideSolutionNode = FALSE
	EndGlobalSection
	GlobalSection(ExtensibilityGlobals) = postSolution
		SolutionGuid = {7C8CC3AB-3987-441C-8B3E-4A9FE3E50AA5}
	EndGlobalSection
EndGlobal
